
Microsoft Visual Studio Solution File, Format Version 12.00
# Visual Studio Version 16
VisualStudioVersion = 16.0.30330.147
MinimumVisualStudioVersion = 10.0.40219.1
Project("{9A19103F-16F7-4668-BE54-9A1E7A4F7556}") = "WebApplication1", "WebApplication1\WebApplication1.csproj", "{817ADA50-D809-4EDE-9C60-75FCDCF9591F}"
EndProject
Project("{9A19103F-16F7-4668-BE54-9A1E7A4F7556}") = "WebApplication2React", "WebApplication2React\WebApplication2React.csproj", "{D46CC02B-B661-4B7B-BB22-1A5DDB051EB1}"
EndProject
Project("{9A19103F-16F7-4668-BE54-9A1E7A4F7556}") = "WindowsFormsApp1ConnDb", "WindowsFormsApp1ConnDb\WindowsFormsApp1ConnDb.csproj", "{5DCB1F03-3CE0-481C-86D1-47E177757FF4}"
EndProject
Project("{9A19103F-16F7-4668-BE54-9A1E7A4F7556}") = "ConsoleApp1", "ConsoleApp1\ConsoleApp1.csproj", "{6DC70683-A38A-4A0B-B9B2-FFCF18DD7D03}"
EndProject
Project("{9A19103F-16F7-4668-BE54-9A1E7A4F7556}") = "AppWithAPITemplate", "AppWithAPITemplate\AppWithAPITemplate.csproj", "{8E57E385-09BF-44C7-9369-62A31D6750F1}"
EndProject
Project("{9A19103F-16F7-4668-BE54-9A1E7A4F7556}") = "testLaunch", "testLaunch\testLaunch.csproj", "{D6453BE6-38DF-4EC9-9891-355B8EA69B4F}"
EndProject
Project("{9A19103F-16F7-4668-BE54-9A1E7A4F7556}") = "PacfltNIPRLogcop", "PacfltNIPRLogcop\PacfltNIPRLogcop.csproj", "{27512A09-61D1-4016-B5CE-70CFEAC5D306}"
EndProject
Project("{FAE04EC0-301F-11D3-BF4B-00C04F79EFBC}") = "material", "material\material.csproj", "{8AD7EFD4-EDD5-40BC-BD85-14B4C7786E29}"
EndProject
Global
	GlobalSection(SolutionConfigurationPlatforms) = preSolution
		Debug|Any CPU = Debug|Any CPU
		Release|Any CPU = Release|Any CPU
	EndGlobalSection
	GlobalSection(ProjectConfigurationPlatforms) = postSolution
		{817ADA50-D809-4EDE-9C60-75FCDCF9591F}.Debug|Any CPU.ActiveCfg = Debug|Any CPU
		{817ADA50-D809-4EDE-9C60-75FCDCF9591F}.Debug|Any CPU.Build.0 = Debug|Any CPU
		{817ADA50-D809-4EDE-9C60-75FCDCF9591F}.Release|Any CPU.ActiveCfg = Release|Any CPU
		{817ADA50-D809-4EDE-9C60-75FCDCF9591F}.Release|Any CPU.Build.0 = Release|Any CPU
		{D46CC02B-B661-4B7B-BB22-1A5DDB051EB1}.Debug|Any CPU.ActiveCfg = Debug|Any CPU
		{D46CC02B-B661-4B7B-BB22-1A5DDB051EB1}.Debug|Any CPU.Build.0 = Debug|Any CPU
		{D46CC02B-B661-4B7B-BB22-1A5DDB051EB1}.Release|Any CPU.ActiveCfg = Release|Any CPU
		{D46CC02B-B661-4B7B-BB22-1A5DDB051EB1}.Release|Any CPU.Build.0 = Release|Any CPU
		{5DCB1F03-3CE0-481C-86D1-47E177757FF4}.Debug|Any CPU.ActiveCfg = Debug|Any CPU
		{5DCB1F03-3CE0-481C-86D1-47E177757FF4}.Debug|Any CPU.Build.0 = Debug|Any CPU
		{5DCB1F03-3CE0-481C-86D1-47E177757FF4}.Release|Any CPU.ActiveCfg = Release|Any CPU
		{5DCB1F03-3CE0-481C-86D1-47E177757FF4}.Release|Any CPU.Build.0 = Release|Any CPU
		{6DC70683-A38A-4A0B-B9B2-FFCF18DD7D03}.Debug|Any CPU.ActiveCfg = Debug|Any CPU
		{6DC70683-A38A-4A0B-B9B2-FFCF18DD7D03}.Debug|Any CPU.Build.0 = Debug|Any CPU
		{6DC70683-A38A-4A0B-B9B2-FFCF18DD7D03}.Release|Any CPU.ActiveCfg = Release|Any CPU
		{6DC70683-A38A-4A0B-B9B2-FFCF18DD7D03}.Release|Any CPU.Build.0 = Release|Any CPU
		{8E57E385-09BF-44C7-9369-62A31D6750F1}.Debug|Any CPU.ActiveCfg = Debug|Any CPU
		{8E57E385-09BF-44C7-9369-62A31D6750F1}.Debug|Any CPU.Build.0 = Debug|Any CPU
		{8E57E385-09BF-44C7-9369-62A31D6750F1}.Release|Any CPU.ActiveCfg = Release|Any CPU
		{8E57E385-09BF-44C7-9369-62A31D6750F1}.Release|Any CPU.Build.0 = Release|Any CPU
		{D6453BE6-38DF-4EC9-9891-355B8EA69B4F}.Debug|Any CPU.ActiveCfg = Debug|Any CPU
		{D6453BE6-38DF-4EC9-9891-355B8EA69B4F}.Debug|Any CPU.Build.0 = Debug|Any CPU
		{D6453BE6-38DF-4EC9-9891-355B8EA69B4F}.Release|Any CPU.ActiveCfg = Release|Any CPU
		{D6453BE6-38DF-4EC9-9891-355B8EA69B4F}.Release|Any CPU.Build.0 = Release|Any CPU
		{27512A09-61D1-4016-B5CE-70CFEAC5D306}.Debug|Any CPU.ActiveCfg = Debug|Any CPU
		{27512A09-61D1-4016-B5CE-70CFEAC5D306}.Debug|Any CPU.Build.0 = Debug|Any CPU
		{27512A09-61D1-4016-B5CE-70CFEAC5D306}.Release|Any CPU.ActiveCfg = Release|Any CPU
		{27512A09-61D1-4016-B5CE-70CFEAC5D306}.Release|Any CPU.Build.0 = Release|Any CPU
		{8AD7EFD4-EDD5-40BC-BD85-14B4C7786E29}.Debug|Any CPU.ActiveCfg = Debug|Any CPU
		{8AD7EFD4-EDD5-40BC-BD85-14B4C7786E29}.Debug|Any CPU.Build.0 = Debug|Any CPU
		{8AD7EFD4-EDD5-40BC-BD85-14B4C7786E29}.Release|Any CPU.ActiveCfg = Release|Any CPU
		{8AD7EFD4-EDD5-40BC-BD85-14B4C7786E29}.Release|Any CPU.Build.0 = Release|Any CPU
	EndGlobalSection
	GlobalSection(SolutionProperties) = preSolution
		HideSolutionNode = FALSE
	EndGlobalSection
	GlobalSection(ExtensibilityGlobals) = postSolution
		SolutionGuid = {2433EA1F-36C8-4792-BE8C-37FA09BCFA51}
	EndGlobalSection
EndGlobal
